{
	"name": "custom-elements-language-services",
	"version": "1.0.0",
	"lockfileVersion": 2,
	"requires": true,
	"packages": {
		"": {
			"name": "custom-elements-language-services",
			"version": "1.0.0",
			"license": "MIT",
			"devDependencies": {},
			"engines": {
				"vscode": "^1.63.0"
			}
		}
	}
}
