{
  "name": "sublime-cels",
  "version": "1.0.0",
  "lockfileVersion": 3,
  "requires": true,
  "packages": {
    "": {
      "name": "sublime-cels",
      "version": "1.0.0",
      "dependencies": {
        "custom-elements-languageserver": "^1.0.4"
      }
    },
    "node_modules/custom-elements-languageserver": {
      "version": "1.0.4",
      "resolved": "https://registry.npmjs.org/custom-elements-languageserver/-/custom-elements-languageserver-1.0.4.tgz",
      "integrity": "sha512-8wHeRz0EC7KfgUeCiFbzSjLv6pxbU2wS0gPhCsCuvyLp+80aO9bQdcf1lG6Vh/uSgB6FDmt4xbeegGHkaa+CTQ==",
      "bin": {
        "custom-elements-languageserver": "bin/custom-elements-languageserver.js"
      },
      "engines": {
        "node": "*"
      }
    }
  }
}
