{
    "name": "template-language-service",
    "version": "1.0.0",
    "lockfileVersion": 2,
    "requires": true,
    "packages": {
        "": {
            "name": "template-language-service",
            "version": "1.0.0",
            "license": "ISC",
            "dependencies": {
                "typescript": "^4.8.4",
                "typescript-template-language-service-decorator": "^2.3.1"
            },
            "devDependencies": {
                "@types/node": "^18.11.9"
            }
        },
        "node_modules/@types/node": {
            "version": "18.15.7",
            "resolved": "https://registry.npmjs.org/@types/node/-/node-18.15.7.tgz",
            "integrity": "sha512-LFmUbFunqmBn26wJZgZPYZPrDR1RwGOu2v79Mgcka1ndO6V0/cwjivPTc4yoK6n9kmw4/ls1r8cLrvh2iMibFA==",
            "dev": true
        },
        "node_modules/typescript": {
            "version": "4.9.5",
            "resolved": "https://registry.npmjs.org/typescript/-/typescript-4.9.5.tgz",
            "integrity": "sha512-1FXk9E2Hm+QzZQ7z+McJiHL4NW1F2EzMu9Nq9i3zAaGqibafqYwCVU6WyWAuyQRRzOlxou8xZSyXLEN8oKj24g==",
            "bin": {
                "tsc": "bin/tsc",
                "tsserver": "bin/tsserver"
            },
            "engines": {
                "node": ">=4.2.0"
            }
        },
        "node_modules/typescript-template-language-service-decorator": {
            "version": "2.3.1",
            "resolved": "https://registry.npmjs.org/typescript-template-language-service-decorator/-/typescript-template-language-service-decorator-2.3.1.tgz",
            "integrity": "sha512-+Q5+cvBtPO4VKNyyI6O+XnIne+/hq/WfNhBaF4hJP8nB8TbikTg+2h9uBMsqduwX1+kVfwG9SBSwMTtvi2Ep7w=="
        }
    },
    "dependencies": {
        "@types/node": {
            "version": "18.15.7",
            "resolved": "https://registry.npmjs.org/@types/node/-/node-18.15.7.tgz",
            "integrity": "sha512-LFmUbFunqmBn26wJZgZPYZPrDR1RwGOu2v79Mgcka1ndO6V0/cwjivPTc4yoK6n9kmw4/ls1r8cLrvh2iMibFA==",
            "dev": true
        },
        "typescript": {
            "version": "4.9.5",
            "resolved": "https://registry.npmjs.org/typescript/-/typescript-4.9.5.tgz",
            "integrity": "sha512-1FXk9E2Hm+QzZQ7z+McJiHL4NW1F2EzMu9Nq9i3zAaGqibafqYwCVU6WyWAuyQRRzOlxou8xZSyXLEN8oKj24g=="
        },
        "typescript-template-language-service-decorator": {
            "version": "2.3.1",
            "resolved": "https://registry.npmjs.org/typescript-template-language-service-decorator/-/typescript-template-language-service-decorator-2.3.1.tgz",
            "integrity": "sha512-+Q5+cvBtPO4VKNyyI6O+XnIne+/hq/WfNhBaF4hJP8nB8TbikTg+2h9uBMsqduwX1+kVfwG9SBSwMTtvi2Ep7w=="
        }
    }
}
