{
    "name": "template-language-service",
    "version": "1.0.0",
    "lockfileVersion": 2,
    "requires": true,
    "packages": {
        "": {
            "name": "template-language-service",
            "version": "1.0.0",
            "license": "ISC",
            "dependencies": {
                "typescript": "^4.8.4",
                "typescript-template-language-service-decorator": "^2.3.1",
                "vscode-html-languageservice": "^5.0.2"
            },
            "devDependencies": {
                "@types/node": "^18.11.9"
            }
        },
        "node_modules/@types/node": {
            "version": "18.15.7",
            "resolved": "https://registry.npmjs.org/@types/node/-/node-18.15.7.tgz",
            "integrity": "sha512-LFmUbFunqmBn26wJZgZPYZPrDR1RwGOu2v79Mgcka1ndO6V0/cwjivPTc4yoK6n9kmw4/ls1r8cLrvh2iMibFA==",
            "dev": true
        },
        "node_modules/@vscode/l10n": {
            "version": "0.0.11",
            "resolved": "https://registry.npmjs.org/@vscode/l10n/-/l10n-0.0.11.tgz",
            "integrity": "sha512-ukOMWnCg1tCvT7WnDfsUKQOFDQGsyR5tNgRpwmqi+5/vzU3ghdDXzvIM4IOPdSb3OeSsBNvmSL8nxIVOqi2WXA=="
        },
        "node_modules/typescript": {
            "version": "4.9.5",
            "resolved": "https://registry.npmjs.org/typescript/-/typescript-4.9.5.tgz",
            "integrity": "sha512-1FXk9E2Hm+QzZQ7z+McJiHL4NW1F2EzMu9Nq9i3zAaGqibafqYwCVU6WyWAuyQRRzOlxou8xZSyXLEN8oKj24g==",
            "bin": {
                "tsc": "bin/tsc",
                "tsserver": "bin/tsserver"
            },
            "engines": {
                "node": ">=4.2.0"
            }
        },
        "node_modules/typescript-template-language-service-decorator": {
            "version": "2.3.1",
            "resolved": "https://registry.npmjs.org/typescript-template-language-service-decorator/-/typescript-template-language-service-decorator-2.3.1.tgz",
            "integrity": "sha512-+Q5+cvBtPO4VKNyyI6O+XnIne+/hq/WfNhBaF4hJP8nB8TbikTg+2h9uBMsqduwX1+kVfwG9SBSwMTtvi2Ep7w=="
        },
        "node_modules/vscode-html-languageservice": {
            "version": "5.0.4",
            "resolved": "https://registry.npmjs.org/vscode-html-languageservice/-/vscode-html-languageservice-5.0.4.tgz",
            "integrity": "sha512-tvrySfpglu4B2rQgWGVO/IL+skvU7kBkQotRlxA7ocSyRXOZUd6GA13XHkxo8LPe07KWjeoBlN1aVGqdfTK4xA==",
            "dependencies": {
                "@vscode/l10n": "^0.0.11",
                "vscode-languageserver-textdocument": "^1.0.8",
                "vscode-languageserver-types": "^3.17.2",
                "vscode-uri": "^3.0.7"
            }
        },
        "node_modules/vscode-languageserver-textdocument": {
            "version": "1.0.8",
            "resolved": "https://registry.npmjs.org/vscode-languageserver-textdocument/-/vscode-languageserver-textdocument-1.0.8.tgz",
            "integrity": "sha512-1bonkGqQs5/fxGT5UchTgjGVnfysL0O8v1AYMBjqTbWQTFn721zaPGDYFkOKtfDgFiSgXM3KwaG3FMGfW4Ed9Q=="
        },
        "node_modules/vscode-languageserver-types": {
            "version": "3.17.3",
            "resolved": "https://registry.npmjs.org/vscode-languageserver-types/-/vscode-languageserver-types-3.17.3.tgz",
            "integrity": "sha512-SYU4z1dL0PyIMd4Vj8YOqFvHu7Hz/enbWtpfnVbJHU4Nd1YNYx8u0ennumc6h48GQNeOLxmwySmnADouT/AuZA=="
        },
        "node_modules/vscode-uri": {
            "version": "3.0.7",
            "resolved": "https://registry.npmjs.org/vscode-uri/-/vscode-uri-3.0.7.tgz",
            "integrity": "sha512-eOpPHogvorZRobNqJGhapa0JdwaxpjVvyBp0QIUMRMSf8ZAlqOdEquKuRmw9Qwu0qXtJIWqFtMkmvJjUZmMjVA=="
        }
    },
    "dependencies": {
        "@types/node": {
            "version": "18.15.7",
            "resolved": "https://registry.npmjs.org/@types/node/-/node-18.15.7.tgz",
            "integrity": "sha512-LFmUbFunqmBn26wJZgZPYZPrDR1RwGOu2v79Mgcka1ndO6V0/cwjivPTc4yoK6n9kmw4/ls1r8cLrvh2iMibFA==",
            "dev": true
        },
        "@vscode/l10n": {
            "version": "0.0.11",
            "resolved": "https://registry.npmjs.org/@vscode/l10n/-/l10n-0.0.11.tgz",
            "integrity": "sha512-ukOMWnCg1tCvT7WnDfsUKQOFDQGsyR5tNgRpwmqi+5/vzU3ghdDXzvIM4IOPdSb3OeSsBNvmSL8nxIVOqi2WXA=="
        },
        "typescript": {
            "version": "4.9.5",
            "resolved": "https://registry.npmjs.org/typescript/-/typescript-4.9.5.tgz",
            "integrity": "sha512-1FXk9E2Hm+QzZQ7z+McJiHL4NW1F2EzMu9Nq9i3zAaGqibafqYwCVU6WyWAuyQRRzOlxou8xZSyXLEN8oKj24g=="
        },
        "typescript-template-language-service-decorator": {
            "version": "2.3.1",
            "resolved": "https://registry.npmjs.org/typescript-template-language-service-decorator/-/typescript-template-language-service-decorator-2.3.1.tgz",
            "integrity": "sha512-+Q5+cvBtPO4VKNyyI6O+XnIne+/hq/WfNhBaF4hJP8nB8TbikTg+2h9uBMsqduwX1+kVfwG9SBSwMTtvi2Ep7w=="
        },
        "vscode-html-languageservice": {
            "version": "5.0.4",
            "resolved": "https://registry.npmjs.org/vscode-html-languageservice/-/vscode-html-languageservice-5.0.4.tgz",
            "integrity": "sha512-tvrySfpglu4B2rQgWGVO/IL+skvU7kBkQotRlxA7ocSyRXOZUd6GA13XHkxo8LPe07KWjeoBlN1aVGqdfTK4xA==",
            "requires": {
                "@vscode/l10n": "^0.0.11",
                "vscode-languageserver-textdocument": "^1.0.8",
                "vscode-languageserver-types": "^3.17.2",
                "vscode-uri": "^3.0.7"
            }
        },
        "vscode-languageserver-textdocument": {
            "version": "1.0.8",
            "resolved": "https://registry.npmjs.org/vscode-languageserver-textdocument/-/vscode-languageserver-textdocument-1.0.8.tgz",
            "integrity": "sha512-1bonkGqQs5/fxGT5UchTgjGVnfysL0O8v1AYMBjqTbWQTFn721zaPGDYFkOKtfDgFiSgXM3KwaG3FMGfW4Ed9Q=="
        },
        "vscode-languageserver-types": {
            "version": "3.17.3",
            "resolved": "https://registry.npmjs.org/vscode-languageserver-types/-/vscode-languageserver-types-3.17.3.tgz",
            "integrity": "sha512-SYU4z1dL0PyIMd4Vj8YOqFvHu7Hz/enbWtpfnVbJHU4Nd1YNYx8u0ennumc6h48GQNeOLxmwySmnADouT/AuZA=="
        },
        "vscode-uri": {
            "version": "3.0.7",
            "resolved": "https://registry.npmjs.org/vscode-uri/-/vscode-uri-3.0.7.tgz",
            "integrity": "sha512-eOpPHogvorZRobNqJGhapa0JdwaxpjVvyBp0QIUMRMSf8ZAlqOdEquKuRmw9Qwu0qXtJIWqFtMkmvJjUZmMjVA=="
        }
    }
}
