{
    "name": "html-template-literal-tsserver-plugin",
    "version": "0.0.1",
    "lockfileVersion": 2,
    "requires": true,
    "packages": {
        "": {
            "name": "html-template-literal-tsserver-plugin",
            "version": "0.0.1",
            "license": "MIT",
            "dependencies": {
                "typescript": "^4.8.4",
                "typescript-template-language-service-decorator": "^2.3.1",
                "vscode-html-languageservice": "^5.0.2"
            },
            "devDependencies": {
                "@types/node": "^18.11.9",
                "custom-elements-manifest": "^2.0.0"
            }
        },
        "../analyzer": {
            "version": "1.0.0",
            "extraneous": true,
            "license": "ISC",
            "dependencies": {
                "@custom-elements-manifest/analyzer": "^0.6.6",
                "typescript": "^4.8.4"
            },
            "devDependencies": {
                "@types/node": "^18.11.9"
            },
            "engines": {
                "node": "*"
            }
        },
        "node_modules/@types/node": {
            "version": "18.11.9",
            "resolved": "https://registry.npmjs.org/@types/node/-/node-18.11.9.tgz",
            "integrity": "sha512-CRpX21/kGdzjOpFsZSkcrXMGIBWMGNIHXXBVFSH+ggkftxg+XYP20TESbh+zFvFj3EQOl5byk0HTRn1IL6hbqg==",
            "dev": true
        },
        "node_modules/custom-elements-manifest": {
            "version": "2.0.0",
            "resolved": "https://registry.npmjs.org/custom-elements-manifest/-/custom-elements-manifest-2.0.0.tgz",
            "integrity": "sha512-1MmhBRszwnNYqn56nkMeHXn/Zlh998+6Yal3wedbXI7NzKPG02GDgjspdN1NiuDtt2yb5n94JvFwPOF7Prnocg==",
            "dev": true
        },
        "node_modules/typescript": {
            "version": "4.8.4",
            "resolved": "https://registry.npmjs.org/typescript/-/typescript-4.8.4.tgz",
            "integrity": "sha512-QCh+85mCy+h0IGff8r5XWzOVSbBO+KfeYrMQh7NJ58QujwcE22u+NUSmUxqF+un70P9GXKxa2HCNiTTMJknyjQ==",
            "bin": {
                "tsc": "bin/tsc",
                "tsserver": "bin/tsserver"
            },
            "engines": {
                "node": ">=4.2.0"
            }
        },
        "node_modules/typescript-template-language-service-decorator": {
            "version": "2.3.1",
            "resolved": "https://registry.npmjs.org/typescript-template-language-service-decorator/-/typescript-template-language-service-decorator-2.3.1.tgz",
            "integrity": "sha512-+Q5+cvBtPO4VKNyyI6O+XnIne+/hq/WfNhBaF4hJP8nB8TbikTg+2h9uBMsqduwX1+kVfwG9SBSwMTtvi2Ep7w=="
        },
        "node_modules/vscode-html-languageservice": {
            "version": "5.0.2",
            "resolved": "https://registry.npmjs.org/vscode-html-languageservice/-/vscode-html-languageservice-5.0.2.tgz",
            "integrity": "sha512-TQmeyE14Ure/w/S+RV2IItuRWmw/i1QaS+om6t70iHCpamuTTWnACQPMSltVGm/DlbdyMquUePJREjd/h3AVkQ==",
            "dependencies": {
                "vscode-languageserver-textdocument": "^1.0.7",
                "vscode-languageserver-types": "^3.17.2",
                "vscode-nls": "^5.2.0",
                "vscode-uri": "^3.0.4"
            }
        },
        "node_modules/vscode-languageserver-textdocument": {
            "version": "1.0.7",
            "resolved": "https://registry.npmjs.org/vscode-languageserver-textdocument/-/vscode-languageserver-textdocument-1.0.7.tgz",
            "integrity": "sha512-bFJH7UQxlXT8kKeyiyu41r22jCZXG8kuuVVA33OEJn1diWOZK5n8zBSPZFHVBOu8kXZ6h0LIRhf5UnCo61J4Hg=="
        },
        "node_modules/vscode-languageserver-types": {
            "version": "3.17.2",
            "resolved": "https://registry.npmjs.org/vscode-languageserver-types/-/vscode-languageserver-types-3.17.2.tgz",
            "integrity": "sha512-zHhCWatviizPIq9B7Vh9uvrH6x3sK8itC84HkamnBWoDFJtzBf7SWlpLCZUit72b3os45h6RWQNC9xHRDF8dRA=="
        },
        "node_modules/vscode-nls": {
            "version": "5.2.0",
            "resolved": "https://registry.npmjs.org/vscode-nls/-/vscode-nls-5.2.0.tgz",
            "integrity": "sha512-RAaHx7B14ZU04EU31pT+rKz2/zSl7xMsfIZuo8pd+KZO6PXtQmpevpq3vxvWNcrGbdmhM/rr5Uw5Mz+NBfhVng=="
        },
        "node_modules/vscode-uri": {
            "version": "3.0.6",
            "resolved": "https://registry.npmjs.org/vscode-uri/-/vscode-uri-3.0.6.tgz",
            "integrity": "sha512-fmL7V1eiDBFRRnu+gfRWTzyPpNIHJTc4mWnFkwBUmO9U3KPgJAmTx7oxi2bl/Rh6HLdU7+4C9wlj0k2E4AdKFQ=="
        }
    },
    "dependencies": {
        "@types/node": {
            "version": "18.11.9",
            "resolved": "https://registry.npmjs.org/@types/node/-/node-18.11.9.tgz",
            "integrity": "sha512-CRpX21/kGdzjOpFsZSkcrXMGIBWMGNIHXXBVFSH+ggkftxg+XYP20TESbh+zFvFj3EQOl5byk0HTRn1IL6hbqg==",
            "dev": true
        },
        "custom-elements-manifest": {
            "version": "2.0.0",
            "resolved": "https://registry.npmjs.org/custom-elements-manifest/-/custom-elements-manifest-2.0.0.tgz",
            "integrity": "sha512-1MmhBRszwnNYqn56nkMeHXn/Zlh998+6Yal3wedbXI7NzKPG02GDgjspdN1NiuDtt2yb5n94JvFwPOF7Prnocg==",
            "dev": true
        },
        "typescript": {
            "version": "4.8.4",
            "resolved": "https://registry.npmjs.org/typescript/-/typescript-4.8.4.tgz",
            "integrity": "sha512-QCh+85mCy+h0IGff8r5XWzOVSbBO+KfeYrMQh7NJ58QujwcE22u+NUSmUxqF+un70P9GXKxa2HCNiTTMJknyjQ=="
        },
        "typescript-template-language-service-decorator": {
            "version": "2.3.1",
            "resolved": "https://registry.npmjs.org/typescript-template-language-service-decorator/-/typescript-template-language-service-decorator-2.3.1.tgz",
            "integrity": "sha512-+Q5+cvBtPO4VKNyyI6O+XnIne+/hq/WfNhBaF4hJP8nB8TbikTg+2h9uBMsqduwX1+kVfwG9SBSwMTtvi2Ep7w=="
        },
        "vscode-html-languageservice": {
            "version": "5.0.2",
            "resolved": "https://registry.npmjs.org/vscode-html-languageservice/-/vscode-html-languageservice-5.0.2.tgz",
            "integrity": "sha512-TQmeyE14Ure/w/S+RV2IItuRWmw/i1QaS+om6t70iHCpamuTTWnACQPMSltVGm/DlbdyMquUePJREjd/h3AVkQ==",
            "requires": {
                "vscode-languageserver-textdocument": "^1.0.7",
                "vscode-languageserver-types": "^3.17.2",
                "vscode-nls": "^5.2.0",
                "vscode-uri": "^3.0.4"
            }
        },
        "vscode-languageserver-textdocument": {
            "version": "1.0.7",
            "resolved": "https://registry.npmjs.org/vscode-languageserver-textdocument/-/vscode-languageserver-textdocument-1.0.7.tgz",
            "integrity": "sha512-bFJH7UQxlXT8kKeyiyu41r22jCZXG8kuuVVA33OEJn1diWOZK5n8zBSPZFHVBOu8kXZ6h0LIRhf5UnCo61J4Hg=="
        },
        "vscode-languageserver-types": {
            "version": "3.17.2",
            "resolved": "https://registry.npmjs.org/vscode-languageserver-types/-/vscode-languageserver-types-3.17.2.tgz",
            "integrity": "sha512-zHhCWatviizPIq9B7Vh9uvrH6x3sK8itC84HkamnBWoDFJtzBf7SWlpLCZUit72b3os45h6RWQNC9xHRDF8dRA=="
        },
        "vscode-nls": {
            "version": "5.2.0",
            "resolved": "https://registry.npmjs.org/vscode-nls/-/vscode-nls-5.2.0.tgz",
            "integrity": "sha512-RAaHx7B14ZU04EU31pT+rKz2/zSl7xMsfIZuo8pd+KZO6PXtQmpevpq3vxvWNcrGbdmhM/rr5Uw5Mz+NBfhVng=="
        },
        "vscode-uri": {
            "version": "3.0.6",
            "resolved": "https://registry.npmjs.org/vscode-uri/-/vscode-uri-3.0.6.tgz",
            "integrity": "sha512-fmL7V1eiDBFRRnu+gfRWTzyPpNIHJTc4mWnFkwBUmO9U3KPgJAmTx7oxi2bl/Rh6HLdU7+4C9wlj0k2E4AdKFQ=="
        }
    }
}
